
Microsoft Visual Studio Solution File, Format Version 12.00
# Visual Studio Version 16
VisualStudioVersion = 25.0.1704.2
MinimumVisualStudioVersion = 10.0.40219.1
Project("{FAE04EC0-301F-11D3-BF4B-00C04F79EFBC}") = "alqoritm suali 16", "alqoritm suali 16\alqoritm suali 16.csproj", "{40151041-ECA7-45CB-BE25-2F74DB06D954}"
EndProject
Global
	GlobalSection(SolutionConfigurationPlatforms) = preSolution
		Debug|Any CPU = Debug|Any CPU
		Release|Any CPU = Release|Any CPU
	EndGlobalSection
	GlobalSection(ProjectConfigurationPlatforms) = postSolution
		{40151041-ECA7-45CB-BE25-2F74DB06D954}.Debug|Any CPU.ActiveCfg = Debug|Any CPU
		{40151041-ECA7-45CB-BE25-2F74DB06D954}.Debug|Any CPU.Build.0 = Debug|Any CPU
		{40151041-ECA7-45CB-BE25-2F74DB06D954}.Release|Any CPU.ActiveCfg = Release|Any CPU
		{40151041-ECA7-45CB-BE25-2F74DB06D954}.Release|Any CPU.Build.0 = Release|Any CPU
	EndGlobalSection
	GlobalSection(SolutionProperties) = preSolution
		HideSolutionNode = FALSE
	EndGlobalSection
	GlobalSection(ExtensibilityGlobals) = postSolution
		SolutionGuid = {FAE07A84-12B8-4E12-B057-D5E369A80981}
	EndGlobalSection
EndGlobal
